{
  "requires": true,
  "lockfileVersion": 1,
  "dependencies": {
    "leaflet.markercluster": {
      "version": "1.5.3",
      "resolved": "https://registry.npmjs.org/leaflet.markercluster/-/leaflet.markercluster-1.5.3.tgz",
      "integrity": "sha512-vPTw/Bndq7eQHjLBVlWpnGeLa3t+3zGiuM7fJwCkiMFq+nmRuG3RI3f7f4N4TDX7T4NpbAXpR2+NTRSEGfCSeA=="
    },
    "vue2-leaflet-markercluster": {
      "version": "3.1.0",
      "resolved": "https://registry.npmjs.org/vue2-leaflet-markercluster/-/vue2-leaflet-markercluster-3.1.0.tgz",
      "integrity": "sha512-v94tns6/PmBlFaPY2XvCUL69yUwRO43qYAP7T9hLmPDdu3Vgl15SDcC1qara8M56aNzWMPAcfP/uy4toUE5wcA==",
      "requires": {
        "leaflet.markercluster": "^1.4.1"
      }
    }
  }
}
